
Microsoft Visual Studio Solution File, Format Version 12.00
# Visual Studio 14
VisualStudioVersion = 14.0.25123.0
MinimumVisualStudioVersion = 10.0.40219.1
Project("{FAE04EC0-301F-11D3-BF4B-00C04F79EFBC}") = "TimeTable", "TimeTable\TimeTable.csproj", "{99C9E82C-C594-446D-AA59-8FFBC43AD226}"
EndProject
Project("{FAE04EC0-301F-11D3-BF4B-00C04F79EFBC}") = "TimeTable.Modules.Menu", "TimeTable.Modules.Menu\TimeTable.Modules.Menu.csproj", "{AB8B448C-DD74-4D60-A041-3E5D03A32180}"
EndProject
Project("{FAE04EC0-301F-11D3-BF4B-00C04F79EFBC}") = "TimeTable.Modules.TotalGrid", "TimeTable.Modules.TotalGrid\TimeTable.Modules.TotalGrid.csproj", "{86927F01-3F5E-456B-84EA-CBF58CEFBBAC}"
EndProject
Project("{FAE04EC0-301F-11D3-BF4B-00C04F79EFBC}") = "TimeTable.Modules.SelectGrid", "TimeTable.Modules.SelectGrid\TimeTable.Modules.SelectGrid.csproj", "{67CBD3DA-782E-4E55-A024-5B440AD347E3}"
EndProject
Project("{FAE04EC0-301F-11D3-BF4B-00C04F79EFBC}") = "TimeTable.Modules.ShowTime", "TimeTable.Modules.ShowTime\TimeTable.Modules.ShowTime.csproj", "{69CBDD5B-AF3C-4F45-A690-FE17EED0F755}"
EndProject
Project("{FAE04EC0-301F-11D3-BF4B-00C04F79EFBC}") = "TimeTable.Infra", "TimeTable.Infra\TimeTable.Infra.csproj", "{715FBDC8-E014-480B-A65F-235826E678EC}"
EndProject
Global
	GlobalSection(SolutionConfigurationPlatforms) = preSolution
		Debug|Any CPU = Debug|Any CPU
		Release|Any CPU = Release|Any CPU
	EndGlobalSection
	GlobalSection(ProjectConfigurationPlatforms) = postSolution
		{99C9E82C-C594-446D-AA59-8FFBC43AD226}.Debug|Any CPU.ActiveCfg = Debug|Any CPU
		{99C9E82C-C594-446D-AA59-8FFBC43AD226}.Debug|Any CPU.Build.0 = Debug|Any CPU
		{99C9E82C-C594-446D-AA59-8FFBC43AD226}.Release|Any CPU.ActiveCfg = Release|Any CPU
		{99C9E82C-C594-446D-AA59-8FFBC43AD226}.Release|Any CPU.Build.0 = Release|Any CPU
		{AB8B448C-DD74-4D60-A041-3E5D03A32180}.Debug|Any CPU.ActiveCfg = Debug|Any CPU
		{AB8B448C-DD74-4D60-A041-3E5D03A32180}.Debug|Any CPU.Build.0 = Debug|Any CPU
		{AB8B448C-DD74-4D60-A041-3E5D03A32180}.Release|Any CPU.ActiveCfg = Release|Any CPU
		{AB8B448C-DD74-4D60-A041-3E5D03A32180}.Release|Any CPU.Build.0 = Release|Any CPU
		{86927F01-3F5E-456B-84EA-CBF58CEFBBAC}.Debug|Any CPU.ActiveCfg = Debug|Any CPU
		{86927F01-3F5E-456B-84EA-CBF58CEFBBAC}.Debug|Any CPU.Build.0 = Debug|Any CPU
		{86927F01-3F5E-456B-84EA-CBF58CEFBBAC}.Release|Any CPU.ActiveCfg = Release|Any CPU
		{86927F01-3F5E-456B-84EA-CBF58CEFBBAC}.Release|Any CPU.Build.0 = Release|Any CPU
		{67CBD3DA-782E-4E55-A024-5B440AD347E3}.Debug|Any CPU.ActiveCfg = Debug|Any CPU
		{67CBD3DA-782E-4E55-A024-5B440AD347E3}.Debug|Any CPU.Build.0 = Debug|Any CPU
		{67CBD3DA-782E-4E55-A024-5B440AD347E3}.Release|Any CPU.ActiveCfg = Release|Any CPU
		{67CBD3DA-782E-4E55-A024-5B440AD347E3}.Release|Any CPU.Build.0 = Release|Any CPU
		{69CBDD5B-AF3C-4F45-A690-FE17EED0F755}.Debug|Any CPU.ActiveCfg = Debug|Any CPU
		{69CBDD5B-AF3C-4F45-A690-FE17EED0F755}.Debug|Any CPU.Build.0 = Debug|Any CPU
		{69CBDD5B-AF3C-4F45-A690-FE17EED0F755}.Release|Any CPU.ActiveCfg = Release|Any CPU
		{69CBDD5B-AF3C-4F45-A690-FE17EED0F755}.Release|Any CPU.Build.0 = Release|Any CPU
		{715FBDC8-E014-480B-A65F-235826E678EC}.Debug|Any CPU.ActiveCfg = Debug|Any CPU
		{715FBDC8-E014-480B-A65F-235826E678EC}.Debug|Any CPU.Build.0 = Debug|Any CPU
		{715FBDC8-E014-480B-A65F-235826E678EC}.Release|Any CPU.ActiveCfg = Release|Any CPU
		{715FBDC8-E014-480B-A65F-235826E678EC}.Release|Any CPU.Build.0 = Release|Any CPU
	EndGlobalSection
	GlobalSection(SolutionProperties) = preSolution
		HideSolutionNode = FALSE
	EndGlobalSection
EndGlobal
